
Microsoft Visual Studio Solution File, Format Version 12.00
# Visual Studio 14
VisualStudioVersion = 14.0.25420.1
MinimumVisualStudioVersion = 10.0.40219.1
Project("{FAE04EC0-301F-11D3-BF4B-00C04F79EFBC}") = "WebApplication1", "WebApplication1\WebApplication1.csproj", "{2E8FB210-2E5B-429F-BBCC-8A7964C79A63}"
EndProject
Project("{FAE04EC0-301F-11D3-BF4B-00C04F79EFBC}") = "WebApplication2", "WebApplication2\WebApplication2.csproj", "{CFCBE1BE-0855-44F6-ACBB-67FB86B63C32}"
EndProject
Project("{FAE04EC0-301F-11D3-BF4B-00C04F79EFBC}") = "TaskRunnerTests", "TaskRunnerTests\TaskRunnerTests.csproj", "{59E08623-8755-4EA1-B0E2-0F236850D99F}"
EndProject
Project("{FAE04EC0-301F-11D3-BF4B-00C04F79EFBC}") = "AreaTests", "AreaTests\AreaTests.csproj", "{FCA9B014-276E-43AE-93B7-308976D7646D}"
EndProject
Project("{FAE04EC0-301F-11D3-BF4B-00C04F79EFBC}") = "AngularJSTests", "AngularJSTests\AngularJSTests.csproj", "{2F4A5FF1-A058-401A-A69A-A66F7F0A2B51}"
EndProject
Global
	GlobalSection(SolutionConfigurationPlatforms) = preSolution
		Debug|Any CPU = Debug|Any CPU
		Release|Any CPU = Release|Any CPU
	EndGlobalSection
	GlobalSection(ProjectConfigurationPlatforms) = postSolution
		{2E8FB210-2E5B-429F-BBCC-8A7964C79A63}.Debug|Any CPU.ActiveCfg = Debug|Any CPU
		{2E8FB210-2E5B-429F-BBCC-8A7964C79A63}.Debug|Any CPU.Build.0 = Debug|Any CPU
		{2E8FB210-2E5B-429F-BBCC-8A7964C79A63}.Release|Any CPU.ActiveCfg = Release|Any CPU
		{2E8FB210-2E5B-429F-BBCC-8A7964C79A63}.Release|Any CPU.Build.0 = Release|Any CPU
		{CFCBE1BE-0855-44F6-ACBB-67FB86B63C32}.Debug|Any CPU.ActiveCfg = Debug|Any CPU
		{CFCBE1BE-0855-44F6-ACBB-67FB86B63C32}.Debug|Any CPU.Build.0 = Debug|Any CPU
		{CFCBE1BE-0855-44F6-ACBB-67FB86B63C32}.Release|Any CPU.ActiveCfg = Release|Any CPU
		{CFCBE1BE-0855-44F6-ACBB-67FB86B63C32}.Release|Any CPU.Build.0 = Release|Any CPU
		{59E08623-8755-4EA1-B0E2-0F236850D99F}.Debug|Any CPU.ActiveCfg = Debug|Any CPU
		{59E08623-8755-4EA1-B0E2-0F236850D99F}.Debug|Any CPU.Build.0 = Debug|Any CPU
		{59E08623-8755-4EA1-B0E2-0F236850D99F}.Release|Any CPU.ActiveCfg = Release|Any CPU
		{59E08623-8755-4EA1-B0E2-0F236850D99F}.Release|Any CPU.Build.0 = Release|Any CPU
		{FCA9B014-276E-43AE-93B7-308976D7646D}.Debug|Any CPU.ActiveCfg = Debug|Any CPU
		{FCA9B014-276E-43AE-93B7-308976D7646D}.Debug|Any CPU.Build.0 = Debug|Any CPU
		{FCA9B014-276E-43AE-93B7-308976D7646D}.Release|Any CPU.ActiveCfg = Release|Any CPU
		{FCA9B014-276E-43AE-93B7-308976D7646D}.Release|Any CPU.Build.0 = Release|Any CPU
		{2F4A5FF1-A058-401A-A69A-A66F7F0A2B51}.Debug|Any CPU.ActiveCfg = Debug|Any CPU
		{2F4A5FF1-A058-401A-A69A-A66F7F0A2B51}.Debug|Any CPU.Build.0 = Debug|Any CPU
		{2F4A5FF1-A058-401A-A69A-A66F7F0A2B51}.Release|Any CPU.ActiveCfg = Release|Any CPU
		{2F4A5FF1-A058-401A-A69A-A66F7F0A2B51}.Release|Any CPU.Build.0 = Release|Any CPU
	EndGlobalSection
	GlobalSection(SolutionProperties) = preSolution
		HideSolutionNode = FALSE
	EndGlobalSection
EndGlobal
